
Microsoft Visual Studio Solution File, Format Version 12.00
# Visual Studio Version 17
VisualStudioVersion = 17.1.32414.318
MinimumVisualStudioVersion = 10.0.40219.1
Project("{FAE04EC0-301F-11D3-BF4B-00C04F79EFBC}") = "ProductionModel", "ProductionModel\ProductionModel.csproj", "{A440DE4E-43DF-4506-B754-0F5AA5EC4151}"
EndProject
Global
	GlobalSection(SolutionConfigurationPlatforms) = preSolution
		Debug|Any CPU = Debug|Any CPU
		Release|Any CPU = Release|Any CPU
	EndGlobalSection
	GlobalSection(ProjectConfigurationPlatforms) = postSolution
		{A440DE4E-43DF-4506-B754-0F5AA5EC4151}.Debug|Any CPU.ActiveCfg = Debug|Any CPU
		{A440DE4E-43DF-4506-B754-0F5AA5EC4151}.Debug|Any CPU.Build.0 = Debug|Any CPU
		{A440DE4E-43DF-4506-B754-0F5AA5EC4151}.Release|Any CPU.ActiveCfg = Release|Any CPU
		{A440DE4E-43DF-4506-B754-0F5AA5EC4151}.Release|Any CPU.Build.0 = Release|Any CPU
	EndGlobalSection
	GlobalSection(SolutionProperties) = preSolution
		HideSolutionNode = FALSE
	EndGlobalSection
	GlobalSection(ExtensibilityGlobals) = postSolution
		SolutionGuid = {1FE85C20-A6C4-4CB7-8CB6-C65BAC8E2CB0}
	EndGlobalSection
EndGlobal
